
Microsoft Visual Studio Solution File, Format Version 12.00
Project("{FAE04EC0-301F-11D3-BF4B-00C04F79EFBC}") = "GitBench", "GitBench\GitBench.csproj", "{83B03EC0-B059-45BC-B2BF-E8FE1571986F}"
EndProject
Project("{FAE04EC0-301F-11D3-BF4B-00C04F79EFBC}") = "ZGF.Gui", "framework\ZGF.Gui\ZGF.Gui.csproj", "{C149ADC6-8D56-4E2D-B045-8F1925138B80}"
EndProject
Project("{FAE04EC0-301F-11D3-BF4B-00C04F79EFBC}") = "GitBench.Tests", "GitBench.Tests\GitBench.Tests.csproj", "{2C07A3AB-0891-4EAD-8EE0-6AE5C4833318}"
EndProject
Project("{2150E333-8FDC-42A3-9474-1A3956D46DE8}") = "framework", "framework", "{9A0CCAB9-4303-13B4-2371-F1B97FF5B728}"
EndProject
Project("{FAE04EC0-301F-11D3-BF4B-00C04F79EFBC}") = "ZGF.Gui.Desktop", "framework\ZGF.Gui.Desktop\ZGF.Gui.Desktop.csproj", "{6DC6E55C-9F01-4879-A5BE-608AD55D41B9}"
EndProject
Project("{FAE04EC0-301F-11D3-BF4B-00C04F79EFBC}") = "ZGF.Desktop", "framework\ZGF.Desktop\ZGF.Desktop.csproj", "{BFA74DDC-8EDF-426B-8723-7C05D282E36E}"
EndProject
Project("{FAE04EC0-301F-11D3-BF4B-00C04F79EFBC}") = "ZGF.KeyboardModule", "framework\ZGF.KeyboardModule\ZGF.KeyboardModule.csproj", "{002140E6-7F8D-4477-B52C-9CDABAB7BD20}"
EndProject
Project("{FAE04EC0-301F-11D3-BF4B-00C04F79EFBC}") = "Glfw.NET", "framework\Glfw.NET\Glfw.NET.csproj", "{71C1707C-B354-4735-BF97-6D61F3EB948F}"
EndProject
Project("{FAE04EC0-301F-11D3-BF4B-00C04F79EFBC}") = "OpenGL.NET", "framework\OpenGL.NET\OpenGL.NET.csproj", "{D9C576FD-2210-42DA-8902-87A040EF3882}"
EndProject
Project("{FAE04EC0-301F-11D3-BF4B-00C04F79EFBC}") = "ZGF.KeyboardModule.GlfwAdapter", "framework\ZGF.KeyboardModule.GlfwAdapter\ZGF.KeyboardModule.GlfwAdapter.csproj", "{C53DD419-B66D-4A22-9B4F-3743303DA5FE}"
EndProject
Project("{2150E333-8FDC-42A3-9474-1A3956D46DE8}") = "PngSharp", "PngSharp", "{331B23D7-1AA9-3EA9-47B2-7F783CC47C5B}"
EndProject
Project("{FAE04EC0-301F-11D3-BF4B-00C04F79EFBC}") = "PngSharp", "framework\PngSharp\PngSharp\PngSharp.csproj", "{BA0973CB-D683-46A9-9D8B-A15367A6B301}"
EndProject
Project("{FAE04EC0-301F-11D3-BF4B-00C04F79EFBC}") = "ZGF.AppUtils", "framework\ZGF.AppUtils\ZGF.AppUtils.csproj", "{A2E91DBE-AF25-455B-9556-1DCBD59A289E}"
EndProject
Project("{FAE04EC0-301F-11D3-BF4B-00C04F79EFBC}") = "ZGF.Fonts", "framework\ZGF.Fonts\ZGF.Fonts.csproj", "{73380FB4-0CC9-400C-B52A-FBC75CEBF4D6}"
EndProject
Project("{FAE04EC0-301F-11D3-BF4B-00C04F79EFBC}") = "ZGF.Geometry", "framework\ZGF.Geometry\ZGF.Geometry.csproj", "{F19B12F3-F967-4C73-BEB9-BC82DFF6BE7E}"
EndProject
Project("{FAE04EC0-301F-11D3-BF4B-00C04F79EFBC}") = "ZGF.Rendering.Metal", "framework\ZGF.Rendering.Metal\ZGF.Rendering.Metal.csproj", "{E33CE10D-4C66-4530-9B4E-2B74C444E1CE}"
EndProject
Project("{FAE04EC0-301F-11D3-BF4B-00C04F79EFBC}") = "ZGF.Gui.Metal", "framework\ZGF.Gui.Metal\ZGF.Gui.Metal.csproj", "{0BB84019-3E8F-443D-960E-06568DEDFA46}"
EndProject
Project("{FAE04EC0-301F-11D3-BF4B-00C04F79EFBC}") = "ZGF.Gui.Generator", "framework\ZGF.Gui.Generator\ZGF.Gui.Generator.csproj", "{65E0A9EA-BC6D-473D-98E6-FB2C7EEF2F25}"
EndProject
Project("{FAE04EC0-301F-11D3-BF4B-00C04F79EFBC}") = "ZGF.Gui.Testing", "framework\ZGF.Gui.Testing\ZGF.Gui.Testing.csproj", "{70581109-A061-44AC-9396-AEF7269E3EDA}"
EndProject
Project("{FAE04EC0-301F-11D3-BF4B-00C04F79EFBC}") = "ZGF.Svg", "framework\ZGF.Svg\ZGF.Svg.csproj", "{E2253544-34DB-4B16-ABFB-C9DDA4F3A005}"
EndProject
Project("{FAE04EC0-301F-11D3-BF4B-00C04F79EFBC}") = "GitBench.Automation", "GitBench.Automation\GitBench.Automation.csproj", "{995FA536-C9B9-4438-B61A-805485B82A70}"
EndProject
Project("{FAE04EC0-301F-11D3-BF4B-00C04F79EFBC}") = "ZGF.Gui.OpenGL", "framework\ZGF.Gui.OpenGL\ZGF.Gui.OpenGL.csproj", "{20009DCA-30EF-4251-84AE-A6F555830589}"
EndProject
Project("{FAE04EC0-301F-11D3-BF4B-00C04F79EFBC}") = "JpegSharp", "framework\JpegSharp\JpegSharp.csproj", "{470E50E5-229B-4E8F-B972-FF7D1473330E}"
EndProject
Project("{FAE04EC0-301F-11D3-BF4B-00C04F79EFBC}") = "GitBench.Pty", "GitBench.Pty\GitBench.Pty.csproj", "{7ED3163F-DCE5-490F-B545-E3DA3F26138C}"
EndProject
Project("{FAE04EC0-301F-11D3-BF4B-00C04F79EFBC}") = "GitBench.Pty.Tests", "GitBench.Pty.Tests\GitBench.Pty.Tests.csproj", "{620C1D08-0D1A-408D-997C-C21237A4B155}"
EndProject
Project("{FAE04EC0-301F-11D3-BF4B-00C04F79EFBC}") = "GitBench.Terminal.Vt", "GitBench.Terminal.Vt\GitBench.Terminal.Vt.csproj", "{59DF221B-6B7A-4E0B-BA62-E1D93E06B603}"
EndProject
Project("{FAE04EC0-301F-11D3-BF4B-00C04F79EFBC}") = "GitBench.Terminal.Vt.XtermSharp", "GitBench.Terminal.Vt.XtermSharp\GitBench.Terminal.Vt.XtermSharp.csproj", "{C417DE06-B652-4B9E-9355-05EF0B2F0155}"
EndProject
Project("{2150E333-8FDC-42A3-9474-1A3956D46DE8}") = "vendor", "vendor", "{3EFB08DA-2EA9-FE77-18DF-C4D4293AFD9C}"
EndProject
Project("{FAE04EC0-301F-11D3-BF4B-00C04F79EFBC}") = "XtermSharp.Vendored", "vendor\XtermSharp.Vendored\XtermSharp.Vendored.csproj", "{70BAD785-94A9-4779-A312-F0B7E803329F}"
EndProject
Project("{FAE04EC0-301F-11D3-BF4B-00C04F79EFBC}") = "GitBench.Terminal.Vt.Tests", "GitBench.Terminal.Vt.Tests\GitBench.Terminal.Vt.Tests.csproj", "{207DF0F1-82F1-4189-A876-65BF4D75C6B5}"
EndProject
Project("{2150E333-8FDC-42A3-9474-1A3956D46DE8}") = "external", "external", "{A288BEE0-695A-BEEA-455C-649571D89326}"
EndProject
Project("{2150E333-8FDC-42A3-9474-1A3956D46DE8}") = "cs_tree_sitter", "cs_tree_sitter", "{E0BD41D7-1C1A-23C1-F271-2256325DC116}"
EndProject
Project("{FAE04EC0-301F-11D3-BF4B-00C04F79EFBC}") = "TreeSitter", "external\cs_tree_sitter\TreeSitter\TreeSitter.csproj", "{7B7DEB61-E9AF-444E-B9AE-23E12C13E822}"
EndProject
Project("{FAE04EC0-301F-11D3-BF4B-00C04F79EFBC}") = "TreeSitter.Bindings", "external\cs_tree_sitter\TreeSitter.Bindings\TreeSitter.Bindings.csproj", "{63834BC1-3E49-415C-8DF7-753484582A21}"
EndProject
Project("{FAE04EC0-301F-11D3-BF4B-00C04F79EFBC}") = "GitBench.Lsp", "GitBench.Lsp\GitBench.Lsp.csproj", "{2AD62DDF-7F1D-4274-890C-138FAACEC9A2}"
EndProject
Project("{FAE04EC0-301F-11D3-BF4B-00C04F79EFBC}") = "GitBench.Lsp.Tests", "GitBench.Lsp.Tests\GitBench.Lsp.Tests.csproj", "{527D868D-1890-4AA3-B6B7-DD865C03305E}"
EndProject
Global
	GlobalSection(SolutionConfigurationPlatforms) = preSolution
		Debug|Any CPU = Debug|Any CPU
		Debug|x64 = Debug|x64
		Debug|x86 = Debug|x86
		Release|Any CPU = Release|Any CPU
		Release|x64 = Release|x64
		Release|x86 = Release|x86
	EndGlobalSection
	GlobalSection(ProjectConfigurationPlatforms) = postSolution
		{83B03EC0-B059-45BC-B2BF-E8FE1571986F}.Debug|Any CPU.ActiveCfg = Debug|Any CPU
		{83B03EC0-B059-45BC-B2BF-E8FE1571986F}.Debug|Any CPU.Build.0 = Debug|Any CPU
		{83B03EC0-B059-45BC-B2BF-E8FE1571986F}.Debug|x64.ActiveCfg = Debug|Any CPU
		{83B03EC0-B059-45BC-B2BF-E8FE1571986F}.Debug|x64.Build.0 = Debug|Any CPU
		{83B03EC0-B059-45BC-B2BF-E8FE1571986F}.Debug|x86.ActiveCfg = Debug|Any CPU
		{83B03EC0-B059-45BC-B2BF-E8FE1571986F}.Debug|x86.Build.0 = Debug|Any CPU
		{83B03EC0-B059-45BC-B2BF-E8FE1571986F}.Release|Any CPU.ActiveCfg = Release|Any CPU
		{83B03EC0-B059-45BC-B2BF-E8FE1571986F}.Release|Any CPU.Build.0 = Release|Any CPU
		{83B03EC0-B059-45BC-B2BF-E8FE1571986F}.Release|x64.ActiveCfg = Release|Any CPU
		{83B03EC0-B059-45BC-B2BF-E8FE1571986F}.Release|x64.Build.0 = Release|Any CPU
		{83B03EC0-B059-45BC-B2BF-E8FE1571986F}.Release|x86.ActiveCfg = Release|Any CPU
		{83B03EC0-B059-45BC-B2BF-E8FE1571986F}.Release|x86.Build.0 = Release|Any CPU
		{C149ADC6-8D56-4E2D-B045-8F1925138B80}.Debug|Any CPU.ActiveCfg = Debug|Any CPU
		{C149ADC6-8D56-4E2D-B045-8F1925138B80}.Debug|Any CPU.Build.0 = Debug|Any CPU
		{C149ADC6-8D56-4E2D-B045-8F1925138B80}.Debug|x64.ActiveCfg = Debug|Any CPU
		{C149ADC6-8D56-4E2D-B045-8F1925138B80}.Debug|x64.Build.0 = Debug|Any CPU
		{C149ADC6-8D56-4E2D-B045-8F1925138B80}.Debug|x86.ActiveCfg = Debug|Any CPU
		{C149ADC6-8D56-4E2D-B045-8F1925138B80}.Debug|x86.Build.0 = Debug|Any CPU
		{C149ADC6-8D56-4E2D-B045-8F1925138B80}.Release|Any CPU.ActiveCfg = Release|Any CPU
		{C149ADC6-8D56-4E2D-B045-8F1925138B80}.Release|Any CPU.Build.0 = Release|Any CPU
		{C149ADC6-8D56-4E2D-B045-8F1925138B80}.Release|x64.ActiveCfg = Release|Any CPU
		{C149ADC6-8D56-4E2D-B045-8F1925138B80}.Release|x64.Build.0 = Release|Any CPU
		{C149ADC6-8D56-4E2D-B045-8F1925138B80}.Release|x86.ActiveCfg = Release|Any CPU
		{C149ADC6-8D56-4E2D-B045-8F1925138B80}.Release|x86.Build.0 = Release|Any CPU
		{2C07A3AB-0891-4EAD-8EE0-6AE5C4833318}.Debug|Any CPU.ActiveCfg = Debug|Any CPU
		{2C07A3AB-0891-4EAD-8EE0-6AE5C4833318}.Debug|Any CPU.Build.0 = Debug|Any CPU
		{2C07A3AB-0891-4EAD-8EE0-6AE5C4833318}.Debug|x64.ActiveCfg = Debug|Any CPU
		{2C07A3AB-0891-4EAD-8EE0-6AE5C4833318}.Debug|x64.Build.0 = Debug|Any CPU
		{2C07A3AB-0891-4EAD-8EE0-6AE5C4833318}.Debug|x86.ActiveCfg = Debug|Any CPU
		{2C07A3AB-0891-4EAD-8EE0-6AE5C4833318}.Debug|x86.Build.0 = Debug|Any CPU
		{2C07A3AB-0891-4EAD-8EE0-6AE5C4833318}.Release|Any CPU.ActiveCfg = Release|Any CPU
		{2C07A3AB-0891-4EAD-8EE0-6AE5C4833318}.Release|Any CPU.Build.0 = Release|Any CPU
		{2C07A3AB-0891-4EAD-8EE0-6AE5C4833318}.Release|x64.ActiveCfg = Release|Any CPU
		{2C07A3AB-0891-4EAD-8EE0-6AE5C4833318}.Release|x64.Build.0 = Release|Any CPU
		{2C07A3AB-0891-4EAD-8EE0-6AE5C4833318}.Release|x86.ActiveCfg = Release|Any CPU
		{2C07A3AB-0891-4EAD-8EE0-6AE5C4833318}.Release|x86.Build.0 = Release|Any CPU
		{6DC6E55C-9F01-4879-A5BE-608AD55D41B9}.Debug|Any CPU.ActiveCfg = Debug|Any CPU
		{6DC6E55C-9F01-4879-A5BE-608AD55D41B9}.Debug|Any CPU.Build.0 = Debug|Any CPU
		{6DC6E55C-9F01-4879-A5BE-608AD55D41B9}.Debug|x64.ActiveCfg = Debug|Any CPU
		{6DC6E55C-9F01-4879-A5BE-608AD55D41B9}.Debug|x64.Build.0 = Debug|Any CPU
		{6DC6E55C-9F01-4879-A5BE-608AD55D41B9}.Debug|x86.ActiveCfg = Debug|Any CPU
		{6DC6E55C-9F01-4879-A5BE-608AD55D41B9}.Debug|x86.Build.0 = Debug|Any CPU
		{6DC6E55C-9F01-4879-A5BE-608AD55D41B9}.Release|Any CPU.ActiveCfg = Release|Any CPU
		{6DC6E55C-9F01-4879-A5BE-608AD55D41B9}.Release|Any CPU.Build.0 = Release|Any CPU
		{6DC6E55C-9F01-4879-A5BE-608AD55D41B9}.Release|x64.ActiveCfg = Release|Any CPU
		{6DC6E55C-9F01-4879-A5BE-608AD55D41B9}.Release|x64.Build.0 = Release|Any CPU
		{6DC6E55C-9F01-4879-A5BE-608AD55D41B9}.Release|x86.ActiveCfg = Release|Any CPU
		{6DC6E55C-9F01-4879-A5BE-608AD55D41B9}.Release|x86.Build.0 = Release|Any CPU
		{BFA74DDC-8EDF-426B-8723-7C05D282E36E}.Debug|Any CPU.ActiveCfg = Debug|Any CPU
		{BFA74DDC-8EDF-426B-8723-7C05D282E36E}.Debug|Any CPU.Build.0 = Debug|Any CPU
		{BFA74DDC-8EDF-426B-8723-7C05D282E36E}.Debug|x64.ActiveCfg = Debug|Any CPU
		{BFA74DDC-8EDF-426B-8723-7C05D282E36E}.Debug|x64.Build.0 = Debug|Any CPU
		{BFA74DDC-8EDF-426B-8723-7C05D282E36E}.Debug|x86.ActiveCfg = Debug|Any CPU
		{BFA74DDC-8EDF-426B-8723-7C05D282E36E}.Debug|x86.Build.0 = Debug|Any CPU
		{BFA74DDC-8EDF-426B-8723-7C05D282E36E}.Release|Any CPU.ActiveCfg = Release|Any CPU
		{BFA74DDC-8EDF-426B-8723-7C05D282E36E}.Release|Any CPU.Build.0 = Release|Any CPU
		{BFA74DDC-8EDF-426B-8723-7C05D282E36E}.Release|x64.ActiveCfg = Release|Any CPU
		{BFA74DDC-8EDF-426B-8723-7C05D282E36E}.Release|x64.Build.0 = Release|Any CPU
		{BFA74DDC-8EDF-426B-8723-7C05D282E36E}.Release|x86.ActiveCfg = Release|Any CPU
		{BFA74DDC-8EDF-426B-8723-7C05D282E36E}.Release|x86.Build.0 = Release|Any CPU
		{002140E6-7F8D-4477-B52C-9CDABAB7BD20}.Debug|Any CPU.ActiveCfg = Debug|Any CPU
		{002140E6-7F8D-4477-B52C-9CDABAB7BD20}.Debug|Any CPU.Build.0 = Debug|Any CPU
		{002140E6-7F8D-4477-B52C-9CDABAB7BD20}.Debug|x64.ActiveCfg = Debug|Any CPU
		{002140E6-7F8D-4477-B52C-9CDABAB7BD20}.Debug|x64.Build.0 = Debug|Any CPU
		{002140E6-7F8D-4477-B52C-9CDABAB7BD20}.Debug|x86.ActiveCfg = Debug|Any CPU
		{002140E6-7F8D-4477-B52C-9CDABAB7BD20}.Debug|x86.Build.0 = Debug|Any CPU
		{002140E6-7F8D-4477-B52C-9CDABAB7BD20}.Release|Any CPU.ActiveCfg = Release|Any CPU
		{002140E6-7F8D-4477-B52C-9CDABAB7BD20}.Release|Any CPU.Build.0 = Release|Any CPU
		{002140E6-7F8D-4477-B52C-9CDABAB7BD20}.Release|x64.ActiveCfg = Release|Any CPU
		{002140E6-7F8D-4477-B52C-9CDABAB7BD20}.Release|x64.Build.0 = Release|Any CPU
		{002140E6-7F8D-4477-B52C-9CDABAB7BD20}.Release|x86.ActiveCfg = Release|Any CPU
		{002140E6-7F8D-4477-B52C-9CDABAB7BD20}.Release|x86.Build.0 = Release|Any CPU
		{71C1707C-B354-4735-BF97-6D61F3EB948F}.Debug|Any CPU.ActiveCfg = Debug|Any CPU
		{71C1707C-B354-4735-BF97-6D61F3EB948F}.Debug|Any CPU.Build.0 = Debug|Any CPU
		{71C1707C-B354-4735-BF97-6D61F3EB948F}.Debug|x64.ActiveCfg = Debug|Any CPU
		{71C1707C-B354-4735-BF97-6D61F3EB948F}.Debug|x64.Build.0 = Debug|Any CPU
		{71C1707C-B354-4735-BF97-6D61F3EB948F}.Debug|x86.ActiveCfg = Debug|Any CPU
		{71C1707C-B354-4735-BF97-6D61F3EB948F}.Debug|x86.Build.0 = Debug|Any CPU
		{71C1707C-B354-4735-BF97-6D61F3EB948F}.Release|Any CPU.ActiveCfg = Release|Any CPU
		{71C1707C-B354-4735-BF97-6D61F3EB948F}.Release|Any CPU.Build.0 = Release|Any CPU
		{71C1707C-B354-4735-BF97-6D61F3EB948F}.Release|x64.ActiveCfg = Release|Any CPU
		{71C1707C-B354-4735-BF97-6D61F3EB948F}.Release|x64.Build.0 = Release|Any CPU
		{71C1707C-B354-4735-BF97-6D61F3EB948F}.Release|x86.ActiveCfg = Release|Any CPU
		{71C1707C-B354-4735-BF97-6D61F3EB948F}.Release|x86.Build.0 = Release|Any CPU
		{D9C576FD-2210-42DA-8902-87A040EF3882}.Debug|Any CPU.ActiveCfg = Debug|Any CPU
		{D9C576FD-2210-42DA-8902-87A040EF3882}.Debug|Any CPU.Build.0 = Debug|Any CPU
		{D9C576FD-2210-42DA-8902-87A040EF3882}.Debug|x64.ActiveCfg = Debug|Any CPU
		{D9C576FD-2210-42DA-8902-87A040EF3882}.Debug|x64.Build.0 = Debug|Any CPU
		{D9C576FD-2210-42DA-8902-87A040EF3882}.Debug|x86.ActiveCfg = Debug|Any CPU
		{D9C576FD-2210-42DA-8902-87A040EF3882}.Debug|x86.Build.0 = Debug|Any CPU
		{D9C576FD-2210-42DA-8902-87A040EF3882}.Release|Any CPU.ActiveCfg = Release|Any CPU
		{D9C576FD-2210-42DA-8902-87A040EF3882}.Release|Any CPU.Build.0 = Release|Any CPU
		{D9C576FD-2210-42DA-8902-87A040EF3882}.Release|x64.ActiveCfg = Release|Any CPU
		{D9C576FD-2210-42DA-8902-87A040EF3882}.Release|x64.Build.0 = Release|Any CPU
		{D9C576FD-2210-42DA-8902-87A040EF3882}.Release|x86.ActiveCfg = Release|Any CPU
		{D9C576FD-2210-42DA-8902-87A040EF3882}.Release|x86.Build.0 = Release|Any CPU
		{C53DD419-B66D-4A22-9B4F-3743303DA5FE}.Debug|Any CPU.ActiveCfg = Debug|Any CPU
		{C53DD419-B66D-4A22-9B4F-3743303DA5FE}.Debug|Any CPU.Build.0 = Debug|Any CPU
		{C53DD419-B66D-4A22-9B4F-3743303DA5FE}.Debug|x64.ActiveCfg = Debug|Any CPU
		{C53DD419-B66D-4A22-9B4F-3743303DA5FE}.Debug|x64.Build.0 = Debug|Any CPU
		{C53DD419-B66D-4A22-9B4F-3743303DA5FE}.Debug|x86.ActiveCfg = Debug|Any CPU
		{C53DD419-B66D-4A22-9B4F-3743303DA5FE}.Debug|x86.Build.0 = Debug|Any CPU
		{C53DD419-B66D-4A22-9B4F-3743303DA5FE}.Release|Any CPU.ActiveCfg = Release|Any CPU
		{C53DD419-B66D-4A22-9B4F-3743303DA5FE}.Release|Any CPU.Build.0 = Release|Any CPU
		{C53DD419-B66D-4A22-9B4F-3743303DA5FE}.Release|x64.ActiveCfg = Release|Any CPU
		{C53DD419-B66D-4A22-9B4F-3743303DA5FE}.Release|x64.Build.0 = Release|Any CPU
		{C53DD419-B66D-4A22-9B4F-3743303DA5FE}.Release|x86.ActiveCfg = Release|Any CPU
		{C53DD419-B66D-4A22-9B4F-3743303DA5FE}.Release|x86.Build.0 = Release|Any CPU
		{BA0973CB-D683-46A9-9D8B-A15367A6B301}.Debug|Any CPU.ActiveCfg = Debug|Any CPU
		{BA0973CB-D683-46A9-9D8B-A15367A6B301}.Debug|Any CPU.Build.0 = Debug|Any CPU
		{BA0973CB-D683-46A9-9D8B-A15367A6B301}.Debug|x64.ActiveCfg = Debug|Any CPU
		{BA0973CB-D683-46A9-9D8B-A15367A6B301}.Debug|x64.Build.0 = Debug|Any CPU
		{BA0973CB-D683-46A9-9D8B-A15367A6B301}.Debug|x86.ActiveCfg = Debug|Any CPU
		{BA0973CB-D683-46A9-9D8B-A15367A6B301}.Debug|x86.Build.0 = Debug|Any CPU
		{BA0973CB-D683-46A9-9D8B-A15367A6B301}.Release|Any CPU.ActiveCfg = Release|Any CPU
		{BA0973CB-D683-46A9-9D8B-A15367A6B301}.Release|Any CPU.Build.0 = Release|Any CPU
		{BA0973CB-D683-46A9-9D8B-A15367A6B301}.Release|x64.ActiveCfg = Release|Any CPU
		{BA0973CB-D683-46A9-9D8B-A15367A6B301}.Release|x64.Build.0 = Release|Any CPU
		{BA0973CB-D683-46A9-9D8B-A15367A6B301}.Release|x86.ActiveCfg = Release|Any CPU
		{BA0973CB-D683-46A9-9D8B-A15367A6B301}.Release|x86.Build.0 = Release|Any CPU
		{A2E91DBE-AF25-455B-9556-1DCBD59A289E}.Debug|Any CPU.ActiveCfg = Debug|Any CPU
		{A2E91DBE-AF25-455B-9556-1DCBD59A289E}.Debug|Any CPU.Build.0 = Debug|Any CPU
		{A2E91DBE-AF25-455B-9556-1DCBD59A289E}.Debug|x64.ActiveCfg = Debug|Any CPU
		{A2E91DBE-AF25-455B-9556-1DCBD59A289E}.Debug|x64.Build.0 = Debug|Any CPU
		{A2E91DBE-AF25-455B-9556-1DCBD59A289E}.Debug|x86.ActiveCfg = Debug|Any CPU
		{A2E91DBE-AF25-455B-9556-1DCBD59A289E}.Debug|x86.Build.0 = Debug|Any CPU
		{A2E91DBE-AF25-455B-9556-1DCBD59A289E}.Release|Any CPU.ActiveCfg = Release|Any CPU
		{A2E91DBE-AF25-455B-9556-1DCBD59A289E}.Release|Any CPU.Build.0 = Release|Any CPU
		{A2E91DBE-AF25-455B-9556-1DCBD59A289E}.Release|x64.ActiveCfg = Release|Any CPU
		{A2E91DBE-AF25-455B-9556-1DCBD59A289E}.Release|x64.Build.0 = Release|Any CPU
		{A2E91DBE-AF25-455B-9556-1DCBD59A289E}.Release|x86.ActiveCfg = Release|Any CPU
		{A2E91DBE-AF25-455B-9556-1DCBD59A289E}.Release|x86.Build.0 = Release|Any CPU
		{73380FB4-0CC9-400C-B52A-FBC75CEBF4D6}.Debug|Any CPU.ActiveCfg = Debug|Any CPU
		{73380FB4-0CC9-400C-B52A-FBC75CEBF4D6}.Debug|Any CPU.Build.0 = Debug|Any CPU
		{73380FB4-0CC9-400C-B52A-FBC75CEBF4D6}.Debug|x64.ActiveCfg = Debug|Any CPU
		{73380FB4-0CC9-400C-B52A-FBC75CEBF4D6}.Debug|x64.Build.0 = Debug|Any CPU
		{73380FB4-0CC9-400C-B52A-FBC75CEBF4D6}.Debug|x86.ActiveCfg = Debug|Any CPU
		{73380FB4-0CC9-400C-B52A-FBC75CEBF4D6}.Debug|x86.Build.0 = Debug|Any CPU
		{73380FB4-0CC9-400C-B52A-FBC75CEBF4D6}.Release|Any CPU.ActiveCfg = Release|Any CPU
		{73380FB4-0CC9-400C-B52A-FBC75CEBF4D6}.Release|Any CPU.Build.0 = Release|Any CPU
		{73380FB4-0CC9-400C-B52A-FBC75CEBF4D6}.Release|x64.ActiveCfg = Release|Any CPU
		{73380FB4-0CC9-400C-B52A-FBC75CEBF4D6}.Release|x64.Build.0 = Release|Any CPU
		{73380FB4-0CC9-400C-B52A-FBC75CEBF4D6}.Release|x86.ActiveCfg = Release|Any CPU
		{73380FB4-0CC9-400C-B52A-FBC75CEBF4D6}.Release|x86.Build.0 = Release|Any CPU
		{F19B12F3-F967-4C73-BEB9-BC82DFF6BE7E}.Debug|Any CPU.ActiveCfg = Debug|Any CPU
		{F19B12F3-F967-4C73-BEB9-BC82DFF6BE7E}.Debug|Any CPU.Build.0 = Debug|Any CPU
		{F19B12F3-F967-4C73-BEB9-BC82DFF6BE7E}.Debug|x64.ActiveCfg = Debug|Any CPU
		{F19B12F3-F967-4C73-BEB9-BC82DFF6BE7E}.Debug|x64.Build.0 = Debug|Any CPU
		{F19B12F3-F967-4C73-BEB9-BC82DFF6BE7E}.Debug|x86.ActiveCfg = Debug|Any CPU
		{F19B12F3-F967-4C73-BEB9-BC82DFF6BE7E}.Debug|x86.Build.0 = Debug|Any CPU
		{F19B12F3-F967-4C73-BEB9-BC82DFF6BE7E}.Release|Any CPU.ActiveCfg = Release|Any CPU
		{F19B12F3-F967-4C73-BEB9-BC82DFF6BE7E}.Release|Any CPU.Build.0 = Release|Any CPU
		{F19B12F3-F967-4C73-BEB9-BC82DFF6BE7E}.Release|x64.ActiveCfg = Release|Any CPU
		{F19B12F3-F967-4C73-BEB9-BC82DFF6BE7E}.Release|x64.Build.0 = Release|Any CPU
		{F19B12F3-F967-4C73-BEB9-BC82DFF6BE7E}.Release|x86.ActiveCfg = Release|Any CPU
		{F19B12F3-F967-4C73-BEB9-BC82DFF6BE7E}.Release|x86.Build.0 = Release|Any CPU
		{E33CE10D-4C66-4530-9B4E-2B74C444E1CE}.Debug|Any CPU.ActiveCfg = Debug|Any CPU
		{E33CE10D-4C66-4530-9B4E-2B74C444E1CE}.Debug|Any CPU.Build.0 = Debug|Any CPU
		{E33CE10D-4C66-4530-9B4E-2B74C444E1CE}.Debug|x64.ActiveCfg = Debug|Any CPU
		{E33CE10D-4C66-4530-9B4E-2B74C444E1CE}.Debug|x64.Build.0 = Debug|Any CPU
		{E33CE10D-4C66-4530-9B4E-2B74C444E1CE}.Debug|x86.ActiveCfg = Debug|Any CPU
		{E33CE10D-4C66-4530-9B4E-2B74C444E1CE}.Debug|x86.Build.0 = Debug|Any CPU
		{E33CE10D-4C66-4530-9B4E-2B74C444E1CE}.Release|Any CPU.ActiveCfg = Release|Any CPU
		{E33CE10D-4C66-4530-9B4E-2B74C444E1CE}.Release|Any CPU.Build.0 = Release|Any CPU
		{E33CE10D-4C66-4530-9B4E-2B74C444E1CE}.Release|x64.ActiveCfg = Release|Any CPU
		{E33CE10D-4C66-4530-9B4E-2B74C444E1CE}.Release|x64.Build.0 = Release|Any CPU
		{E33CE10D-4C66-4530-9B4E-2B74C444E1CE}.Release|x86.ActiveCfg = Release|Any CPU
		{E33CE10D-4C66-4530-9B4E-2B74C444E1CE}.Release|x86.Build.0 = Release|Any CPU
		{0BB84019-3E8F-443D-960E-06568DEDFA46}.Debug|Any CPU.ActiveCfg = Debug|Any CPU
		{0BB84019-3E8F-443D-960E-06568DEDFA46}.Debug|Any CPU.Build.0 = Debug|Any CPU
		{0BB84019-3E8F-443D-960E-06568DEDFA46}.Debug|x64.ActiveCfg = Debug|Any CPU
		{0BB84019-3E8F-443D-960E-06568DEDFA46}.Debug|x64.Build.0 = Debug|Any CPU
		{0BB84019-3E8F-443D-960E-06568DEDFA46}.Debug|x86.ActiveCfg = Debug|Any CPU
		{0BB84019-3E8F-443D-960E-06568DEDFA46}.Debug|x86.Build.0 = Debug|Any CPU
		{0BB84019-3E8F-443D-960E-06568DEDFA46}.Release|Any CPU.ActiveCfg = Release|Any CPU
		{0BB84019-3E8F-443D-960E-06568DEDFA46}.Release|Any CPU.Build.0 = Release|Any CPU
		{0BB84019-3E8F-443D-960E-06568DEDFA46}.Release|x64.ActiveCfg = Release|Any CPU
		{0BB84019-3E8F-443D-960E-06568DEDFA46}.Release|x64.Build.0 = Release|Any CPU
		{0BB84019-3E8F-443D-960E-06568DEDFA46}.Release|x86.ActiveCfg = Release|Any CPU
		{0BB84019-3E8F-443D-960E-06568DEDFA46}.Release|x86.Build.0 = Release|Any CPU
		{65E0A9EA-BC6D-473D-98E6-FB2C7EEF2F25}.Debug|Any CPU.ActiveCfg = Debug|Any CPU
		{65E0A9EA-BC6D-473D-98E6-FB2C7EEF2F25}.Debug|Any CPU.Build.0 = Debug|Any CPU
		{65E0A9EA-BC6D-473D-98E6-FB2C7EEF2F25}.Debug|x64.ActiveCfg = Debug|Any CPU
		{65E0A9EA-BC6D-473D-98E6-FB2C7EEF2F25}.Debug|x64.Build.0 = Debug|Any CPU
		{65E0A9EA-BC6D-473D-98E6-FB2C7EEF2F25}.Debug|x86.ActiveCfg = Debug|Any CPU
		{65E0A9EA-BC6D-473D-98E6-FB2C7EEF2F25}.Debug|x86.Build.0 = Debug|Any CPU
		{65E0A9EA-BC6D-473D-98E6-FB2C7EEF2F25}.Release|Any CPU.ActiveCfg = Release|Any CPU
		{65E0A9EA-BC6D-473D-98E6-FB2C7EEF2F25}.Release|Any CPU.Build.0 = Release|Any CPU
		{65E0A9EA-BC6D-473D-98E6-FB2C7EEF2F25}.Release|x64.ActiveCfg = Release|Any CPU
		{65E0A9EA-BC6D-473D-98E6-FB2C7EEF2F25}.Release|x64.Build.0 = Release|Any CPU
		{65E0A9EA-BC6D-473D-98E6-FB2C7EEF2F25}.Release|x86.ActiveCfg = Release|Any CPU
		{65E0A9EA-BC6D-473D-98E6-FB2C7EEF2F25}.Release|x86.Build.0 = Release|Any CPU
		{70581109-A061-44AC-9396-AEF7269E3EDA}.Debug|Any CPU.ActiveCfg = Debug|Any CPU
		{70581109-A061-44AC-9396-AEF7269E3EDA}.Debug|Any CPU.Build.0 = Debug|Any CPU
		{70581109-A061-44AC-9396-AEF7269E3EDA}.Debug|x64.ActiveCfg = Debug|Any CPU
		{70581109-A061-44AC-9396-AEF7269E3EDA}.Debug|x64.Build.0 = Debug|Any CPU
		{70581109-A061-44AC-9396-AEF7269E3EDA}.Debug|x86.ActiveCfg = Debug|Any CPU
		{70581109-A061-44AC-9396-AEF7269E3EDA}.Debug|x86.Build.0 = Debug|Any CPU
		{70581109-A061-44AC-9396-AEF7269E3EDA}.Release|Any CPU.ActiveCfg = Release|Any CPU
		{70581109-A061-44AC-9396-AEF7269E3EDA}.Release|Any CPU.Build.0 = Release|Any CPU
		{70581109-A061-44AC-9396-AEF7269E3EDA}.Release|x64.ActiveCfg = Release|Any CPU
		{70581109-A061-44AC-9396-AEF7269E3EDA}.Release|x64.Build.0 = Release|Any CPU
		{70581109-A061-44AC-9396-AEF7269E3EDA}.Release|x86.ActiveCfg = Release|Any CPU
		{70581109-A061-44AC-9396-AEF7269E3EDA}.Release|x86.Build.0 = Release|Any CPU
		{E2253544-34DB-4B16-ABFB-C9DDA4F3A005}.Debug|Any CPU.ActiveCfg = Debug|Any CPU
		{E2253544-34DB-4B16-ABFB-C9DDA4F3A005}.Debug|Any CPU.Build.0 = Debug|Any CPU
		{E2253544-34DB-4B16-ABFB-C9DDA4F3A005}.Debug|x64.ActiveCfg = Debug|Any CPU
		{E2253544-34DB-4B16-ABFB-C9DDA4F3A005}.Debug|x64.Build.0 = Debug|Any CPU
		{E2253544-34DB-4B16-ABFB-C9DDA4F3A005}.Debug|x86.ActiveCfg = Debug|Any CPU
		{E2253544-34DB-4B16-ABFB-C9DDA4F3A005}.Debug|x86.Build.0 = Debug|Any CPU
		{E2253544-34DB-4B16-ABFB-C9DDA4F3A005}.Release|Any CPU.ActiveCfg = Release|Any CPU
		{E2253544-34DB-4B16-ABFB-C9DDA4F3A005}.Release|Any CPU.Build.0 = Release|Any CPU
		{E2253544-34DB-4B16-ABFB-C9DDA4F3A005}.Release|x64.ActiveCfg = Release|Any CPU
		{E2253544-34DB-4B16-ABFB-C9DDA4F3A005}.Release|x64.Build.0 = Release|Any CPU
		{E2253544-34DB-4B16-ABFB-C9DDA4F3A005}.Release|x86.ActiveCfg = Release|Any CPU
		{E2253544-34DB-4B16-ABFB-C9DDA4F3A005}.Release|x86.Build.0 = Release|Any CPU
		{995FA536-C9B9-4438-B61A-805485B82A70}.Debug|Any CPU.ActiveCfg = Debug|Any CPU
		{995FA536-C9B9-4438-B61A-805485B82A70}.Debug|Any CPU.Build.0 = Debug|Any CPU
		{995FA536-C9B9-4438-B61A-805485B82A70}.Debug|x64.ActiveCfg = Debug|Any CPU
		{995FA536-C9B9-4438-B61A-805485B82A70}.Debug|x64.Build.0 = Debug|Any CPU
		{995FA536-C9B9-4438-B61A-805485B82A70}.Debug|x86.ActiveCfg = Debug|Any CPU
		{995FA536-C9B9-4438-B61A-805485B82A70}.Debug|x86.Build.0 = Debug|Any CPU
		{995FA536-C9B9-4438-B61A-805485B82A70}.Release|Any CPU.ActiveCfg = Release|Any CPU
		{995FA536-C9B9-4438-B61A-805485B82A70}.Release|Any CPU.Build.0 = Release|Any CPU
		{995FA536-C9B9-4438-B61A-805485B82A70}.Release|x64.ActiveCfg = Release|Any CPU
		{995FA536-C9B9-4438-B61A-805485B82A70}.Release|x64.Build.0 = Release|Any CPU
		{995FA536-C9B9-4438-B61A-805485B82A70}.Release|x86.ActiveCfg = Release|Any CPU
		{995FA536-C9B9-4438-B61A-805485B82A70}.Release|x86.Build.0 = Release|Any CPU
		{20009DCA-30EF-4251-84AE-A6F555830589}.Debug|Any CPU.ActiveCfg = Debug|Any CPU
		{20009DCA-30EF-4251-84AE-A6F555830589}.Debug|Any CPU.Build.0 = Debug|Any CPU
		{20009DCA-30EF-4251-84AE-A6F555830589}.Debug|x64.ActiveCfg = Debug|Any CPU
		{20009DCA-30EF-4251-84AE-A6F555830589}.Debug|x64.Build.0 = Debug|Any CPU
		{20009DCA-30EF-4251-84AE-A6F555830589}.Debug|x86.ActiveCfg = Debug|Any CPU
		{20009DCA-30EF-4251-84AE-A6F555830589}.Debug|x86.Build.0 = Debug|Any CPU
		{20009DCA-30EF-4251-84AE-A6F555830589}.Release|Any CPU.ActiveCfg = Release|Any CPU
		{20009DCA-30EF-4251-84AE-A6F555830589}.Release|Any CPU.Build.0 = Release|Any CPU
		{20009DCA-30EF-4251-84AE-A6F555830589}.Release|x64.ActiveCfg = Release|Any CPU
		{20009DCA-30EF-4251-84AE-A6F555830589}.Release|x64.Build.0 = Release|Any CPU
		{20009DCA-30EF-4251-84AE-A6F555830589}.Release|x86.ActiveCfg = Release|Any CPU
		{20009DCA-30EF-4251-84AE-A6F555830589}.Release|x86.Build.0 = Release|Any CPU
		{470E50E5-229B-4E8F-B972-FF7D1473330E}.Debug|Any CPU.ActiveCfg = Debug|Any CPU
		{470E50E5-229B-4E8F-B972-FF7D1473330E}.Debug|Any CPU.Build.0 = Debug|Any CPU
		{470E50E5-229B-4E8F-B972-FF7D1473330E}.Debug|x64.ActiveCfg = Debug|Any CPU
		{470E50E5-229B-4E8F-B972-FF7D1473330E}.Debug|x64.Build.0 = Debug|Any CPU
		{470E50E5-229B-4E8F-B972-FF7D1473330E}.Debug|x86.ActiveCfg = Debug|Any CPU
		{470E50E5-229B-4E8F-B972-FF7D1473330E}.Debug|x86.Build.0 = Debug|Any CPU
		{470E50E5-229B-4E8F-B972-FF7D1473330E}.Release|Any CPU.ActiveCfg = Release|Any CPU
		{470E50E5-229B-4E8F-B972-FF7D1473330E}.Release|Any CPU.Build.0 = Release|Any CPU
		{470E50E5-229B-4E8F-B972-FF7D1473330E}.Release|x64.ActiveCfg = Release|Any CPU
		{470E50E5-229B-4E8F-B972-FF7D1473330E}.Release|x64.Build.0 = Release|Any CPU
		{470E50E5-229B-4E8F-B972-FF7D1473330E}.Release|x86.ActiveCfg = Release|Any CPU
		{470E50E5-229B-4E8F-B972-FF7D1473330E}.Release|x86.Build.0 = Release|Any CPU
		{7ED3163F-DCE5-490F-B545-E3DA3F26138C}.Debug|Any CPU.ActiveCfg = Debug|Any CPU
		{7ED3163F-DCE5-490F-B545-E3DA3F26138C}.Debug|Any CPU.Build.0 = Debug|Any CPU
		{7ED3163F-DCE5-490F-B545-E3DA3F26138C}.Debug|x64.ActiveCfg = Debug|Any CPU
		{7ED3163F-DCE5-490F-B545-E3DA3F26138C}.Debug|x64.Build.0 = Debug|Any CPU
		{7ED3163F-DCE5-490F-B545-E3DA3F26138C}.Debug|x86.ActiveCfg = Debug|Any CPU
		{7ED3163F-DCE5-490F-B545-E3DA3F26138C}.Debug|x86.Build.0 = Debug|Any CPU
		{7ED3163F-DCE5-490F-B545-E3DA3F26138C}.Release|Any CPU.ActiveCfg = Release|Any CPU
		{7ED3163F-DCE5-490F-B545-E3DA3F26138C}.Release|Any CPU.Build.0 = Release|Any CPU
		{7ED3163F-DCE5-490F-B545-E3DA3F26138C}.Release|x64.ActiveCfg = Release|Any CPU
		{7ED3163F-DCE5-490F-B545-E3DA3F26138C}.Release|x64.Build.0 = Release|Any CPU
		{7ED3163F-DCE5-490F-B545-E3DA3F26138C}.Release|x86.ActiveCfg = Release|Any CPU
		{7ED3163F-DCE5-490F-B545-E3DA3F26138C}.Release|x86.Build.0 = Release|Any CPU
		{620C1D08-0D1A-408D-997C-C21237A4B155}.Debug|Any CPU.ActiveCfg = Debug|Any CPU
		{620C1D08-0D1A-408D-997C-C21237A4B155}.Debug|Any CPU.Build.0 = Debug|Any CPU
		{620C1D08-0D1A-408D-997C-C21237A4B155}.Debug|x64.ActiveCfg = Debug|Any CPU
		{620C1D08-0D1A-408D-997C-C21237A4B155}.Debug|x64.Build.0 = Debug|Any CPU
		{620C1D08-0D1A-408D-997C-C21237A4B155}.Debug|x86.ActiveCfg = Debug|Any CPU
		{620C1D08-0D1A-408D-997C-C21237A4B155}.Debug|x86.Build.0 = Debug|Any CPU
		{620C1D08-0D1A-408D-997C-C21237A4B155}.Release|Any CPU.ActiveCfg = Release|Any CPU
		{620C1D08-0D1A-408D-997C-C21237A4B155}.Release|Any CPU.Build.0 = Release|Any CPU
		{620C1D08-0D1A-408D-997C-C21237A4B155}.Release|x64.ActiveCfg = Release|Any CPU
		{620C1D08-0D1A-408D-997C-C21237A4B155}.Release|x64.Build.0 = Release|Any CPU
		{620C1D08-0D1A-408D-997C-C21237A4B155}.Release|x86.ActiveCfg = Release|Any CPU
		{620C1D08-0D1A-408D-997C-C21237A4B155}.Release|x86.Build.0 = Release|Any CPU
		{59DF221B-6B7A-4E0B-BA62-E1D93E06B603}.Debug|Any CPU.ActiveCfg = Debug|Any CPU
		{59DF221B-6B7A-4E0B-BA62-E1D93E06B603}.Debug|Any CPU.Build.0 = Debug|Any CPU
		{59DF221B-6B7A-4E0B-BA62-E1D93E06B603}.Debug|x64.ActiveCfg = Debug|Any CPU
		{59DF221B-6B7A-4E0B-BA62-E1D93E06B603}.Debug|x64.Build.0 = Debug|Any CPU
		{59DF221B-6B7A-4E0B-BA62-E1D93E06B603}.Debug|x86.ActiveCfg = Debug|Any CPU
		{59DF221B-6B7A-4E0B-BA62-E1D93E06B603}.Debug|x86.Build.0 = Debug|Any CPU
		{59DF221B-6B7A-4E0B-BA62-E1D93E06B603}.Release|Any CPU.ActiveCfg = Release|Any CPU
		{59DF221B-6B7A-4E0B-BA62-E1D93E06B603}.Release|Any CPU.Build.0 = Release|Any CPU
		{59DF221B-6B7A-4E0B-BA62-E1D93E06B603}.Release|x64.ActiveCfg = Release|Any CPU
		{59DF221B-6B7A-4E0B-BA62-E1D93E06B603}.Release|x64.Build.0 = Release|Any CPU
		{59DF221B-6B7A-4E0B-BA62-E1D93E06B603}.Release|x86.ActiveCfg = Release|Any CPU
		{59DF221B-6B7A-4E0B-BA62-E1D93E06B603}.Release|x86.Build.0 = Release|Any CPU
		{C417DE06-B652-4B9E-9355-05EF0B2F0155}.Debug|Any CPU.ActiveCfg = Debug|Any CPU
		{C417DE06-B652-4B9E-9355-05EF0B2F0155}.Debug|Any CPU.Build.0 = Debug|Any CPU
		{C417DE06-B652-4B9E-9355-05EF0B2F0155}.Debug|x64.ActiveCfg = Debug|Any CPU
		{C417DE06-B652-4B9E-9355-05EF0B2F0155}.Debug|x64.Build.0 = Debug|Any CPU
		{C417DE06-B652-4B9E-9355-05EF0B2F0155}.Debug|x86.ActiveCfg = Debug|Any CPU
		{C417DE06-B652-4B9E-9355-05EF0B2F0155}.Debug|x86.Build.0 = Debug|Any CPU
		{C417DE06-B652-4B9E-9355-05EF0B2F0155}.Release|Any CPU.ActiveCfg = Release|Any CPU
		{C417DE06-B652-4B9E-9355-05EF0B2F0155}.Release|Any CPU.Build.0 = Release|Any CPU
		{C417DE06-B652-4B9E-9355-05EF0B2F0155}.Release|x64.ActiveCfg = Release|Any CPU
		{C417DE06-B652-4B9E-9355-05EF0B2F0155}.Release|x64.Build.0 = Release|Any CPU
		{C417DE06-B652-4B9E-9355-05EF0B2F0155}.Release|x86.ActiveCfg = Release|Any CPU
		{C417DE06-B652-4B9E-9355-05EF0B2F0155}.Release|x86.Build.0 = Release|Any CPU
		{70BAD785-94A9-4779-A312-F0B7E803329F}.Debug|Any CPU.ActiveCfg = Debug|Any CPU
		{70BAD785-94A9-4779-A312-F0B7E803329F}.Debug|Any CPU.Build.0 = Debug|Any CPU
		{70BAD785-94A9-4779-A312-F0B7E803329F}.Debug|x64.ActiveCfg = Debug|Any CPU
		{70BAD785-94A9-4779-A312-F0B7E803329F}.Debug|x64.Build.0 = Debug|Any CPU
		{70BAD785-94A9-4779-A312-F0B7E803329F}.Debug|x86.ActiveCfg = Debug|Any CPU
		{70BAD785-94A9-4779-A312-F0B7E803329F}.Debug|x86.Build.0 = Debug|Any CPU
		{70BAD785-94A9-4779-A312-F0B7E803329F}.Release|Any CPU.ActiveCfg = Release|Any CPU
		{70BAD785-94A9-4779-A312-F0B7E803329F}.Release|Any CPU.Build.0 = Release|Any CPU
		{70BAD785-94A9-4779-A312-F0B7E803329F}.Release|x64.ActiveCfg = Release|Any CPU
		{70BAD785-94A9-4779-A312-F0B7E803329F}.Release|x64.Build.0 = Release|Any CPU
		{70BAD785-94A9-4779-A312-F0B7E803329F}.Release|x86.ActiveCfg = Release|Any CPU
		{70BAD785-94A9-4779-A312-F0B7E803329F}.Release|x86.Build.0 = Release|Any CPU
		{207DF0F1-82F1-4189-A876-65BF4D75C6B5}.Debug|Any CPU.ActiveCfg = Debug|Any CPU
		{207DF0F1-82F1-4189-A876-65BF4D75C6B5}.Debug|Any CPU.Build.0 = Debug|Any CPU
		{207DF0F1-82F1-4189-A876-65BF4D75C6B5}.Debug|x64.ActiveCfg = Debug|Any CPU
		{207DF0F1-82F1-4189-A876-65BF4D75C6B5}.Debug|x64.Build.0 = Debug|Any CPU
		{207DF0F1-82F1-4189-A876-65BF4D75C6B5}.Debug|x86.ActiveCfg = Debug|Any CPU
		{207DF0F1-82F1-4189-A876-65BF4D75C6B5}.Debug|x86.Build.0 = Debug|Any CPU
		{207DF0F1-82F1-4189-A876-65BF4D75C6B5}.Release|Any CPU.ActiveCfg = Release|Any CPU
		{207DF0F1-82F1-4189-A876-65BF4D75C6B5}.Release|Any CPU.Build.0 = Release|Any CPU
		{207DF0F1-82F1-4189-A876-65BF4D75C6B5}.Release|x64.ActiveCfg = Release|Any CPU
		{207DF0F1-82F1-4189-A876-65BF4D75C6B5}.Release|x64.Build.0 = Release|Any CPU
		{207DF0F1-82F1-4189-A876-65BF4D75C6B5}.Release|x86.ActiveCfg = Release|Any CPU
		{207DF0F1-82F1-4189-A876-65BF4D75C6B5}.Release|x86.Build.0 = Release|Any CPU
		{7B7DEB61-E9AF-444E-B9AE-23E12C13E822}.Debug|Any CPU.ActiveCfg = Debug|Any CPU
		{7B7DEB61-E9AF-444E-B9AE-23E12C13E822}.Debug|Any CPU.Build.0 = Debug|Any CPU
		{7B7DEB61-E9AF-444E-B9AE-23E12C13E822}.Debug|x64.ActiveCfg = Debug|Any CPU
		{7B7DEB61-E9AF-444E-B9AE-23E12C13E822}.Debug|x64.Build.0 = Debug|Any CPU
		{7B7DEB61-E9AF-444E-B9AE-23E12C13E822}.Debug|x86.ActiveCfg = Debug|Any CPU
		{7B7DEB61-E9AF-444E-B9AE-23E12C13E822}.Debug|x86.Build.0 = Debug|Any CPU
		{7B7DEB61-E9AF-444E-B9AE-23E12C13E822}.Release|Any CPU.ActiveCfg = Release|Any CPU
		{7B7DEB61-E9AF-444E-B9AE-23E12C13E822}.Release|Any CPU.Build.0 = Release|Any CPU
		{7B7DEB61-E9AF-444E-B9AE-23E12C13E822}.Release|x64.ActiveCfg = Release|Any CPU
		{7B7DEB61-E9AF-444E-B9AE-23E12C13E822}.Release|x64.Build.0 = Release|Any CPU
		{7B7DEB61-E9AF-444E-B9AE-23E12C13E822}.Release|x86.ActiveCfg = Release|Any CPU
		{7B7DEB61-E9AF-444E-B9AE-23E12C13E822}.Release|x86.Build.0 = Release|Any CPU
		{63834BC1-3E49-415C-8DF7-753484582A21}.Debug|Any CPU.ActiveCfg = Debug|Any CPU
		{63834BC1-3E49-415C-8DF7-753484582A21}.Debug|Any CPU.Build.0 = Debug|Any CPU
		{63834BC1-3E49-415C-8DF7-753484582A21}.Debug|x64.ActiveCfg = Debug|Any CPU
		{63834BC1-3E49-415C-8DF7-753484582A21}.Debug|x64.Build.0 = Debug|Any CPU
		{63834BC1-3E49-415C-8DF7-753484582A21}.Debug|x86.ActiveCfg = Debug|Any CPU
		{63834BC1-3E49-415C-8DF7-753484582A21}.Debug|x86.Build.0 = Debug|Any CPU
		{63834BC1-3E49-415C-8DF7-753484582A21}.Release|Any CPU.ActiveCfg = Release|Any CPU
		{63834BC1-3E49-415C-8DF7-753484582A21}.Release|Any CPU.Build.0 = Release|Any CPU
		{63834BC1-3E49-415C-8DF7-753484582A21}.Release|x64.ActiveCfg = Release|Any CPU
		{63834BC1-3E49-415C-8DF7-753484582A21}.Release|x64.Build.0 = Release|Any CPU
		{63834BC1-3E49-415C-8DF7-753484582A21}.Release|x86.ActiveCfg = Release|Any CPU
		{63834BC1-3E49-415C-8DF7-753484582A21}.Release|x86.Build.0 = Release|Any CPU
		{2AD62DDF-7F1D-4274-890C-138FAACEC9A2}.Debug|Any CPU.ActiveCfg = Debug|Any CPU
		{2AD62DDF-7F1D-4274-890C-138FAACEC9A2}.Debug|Any CPU.Build.0 = Debug|Any CPU
		{2AD62DDF-7F1D-4274-890C-138FAACEC9A2}.Debug|x64.ActiveCfg = Debug|Any CPU
		{2AD62DDF-7F1D-4274-890C-138FAACEC9A2}.Debug|x64.Build.0 = Debug|Any CPU
		{2AD62DDF-7F1D-4274-890C-138FAACEC9A2}.Debug|x86.ActiveCfg = Debug|Any CPU
		{2AD62DDF-7F1D-4274-890C-138FAACEC9A2}.Debug|x86.Build.0 = Debug|Any CPU
		{2AD62DDF-7F1D-4274-890C-138FAACEC9A2}.Release|Any CPU.ActiveCfg = Release|Any CPU
		{2AD62DDF-7F1D-4274-890C-138FAACEC9A2}.Release|Any CPU.Build.0 = Release|Any CPU
		{2AD62DDF-7F1D-4274-890C-138FAACEC9A2}.Release|x64.ActiveCfg = Release|Any CPU
		{2AD62DDF-7F1D-4274-890C-138FAACEC9A2}.Release|x64.Build.0 = Release|Any CPU
		{2AD62DDF-7F1D-4274-890C-138FAACEC9A2}.Release|x86.ActiveCfg = Release|Any CPU
		{2AD62DDF-7F1D-4274-890C-138FAACEC9A2}.Release|x86.Build.0 = Release|Any CPU
		{527D868D-1890-4AA3-B6B7-DD865C03305E}.Debug|Any CPU.ActiveCfg = Debug|Any CPU
		{527D868D-1890-4AA3-B6B7-DD865C03305E}.Debug|Any CPU.Build.0 = Debug|Any CPU
		{527D868D-1890-4AA3-B6B7-DD865C03305E}.Debug|x64.ActiveCfg = Debug|Any CPU
		{527D868D-1890-4AA3-B6B7-DD865C03305E}.Debug|x64.Build.0 = Debug|Any CPU
		{527D868D-1890-4AA3-B6B7-DD865C03305E}.Debug|x86.ActiveCfg = Debug|Any CPU
		{527D868D-1890-4AA3-B6B7-DD865C03305E}.Debug|x86.Build.0 = Debug|Any CPU
		{527D868D-1890-4AA3-B6B7-DD865C03305E}.Release|Any CPU.ActiveCfg = Release|Any CPU
		{527D868D-1890-4AA3-B6B7-DD865C03305E}.Release|Any CPU.Build.0 = Release|Any CPU
		{527D868D-1890-4AA3-B6B7-DD865C03305E}.Release|x64.ActiveCfg = Release|Any CPU
		{527D868D-1890-4AA3-B6B7-DD865C03305E}.Release|x64.Build.0 = Release|Any CPU
		{527D868D-1890-4AA3-B6B7-DD865C03305E}.Release|x86.ActiveCfg = Release|Any CPU
		{527D868D-1890-4AA3-B6B7-DD865C03305E}.Release|x86.Build.0 = Release|Any CPU
	EndGlobalSection
	GlobalSection(SolutionProperties) = preSolution
		HideSolutionNode = FALSE
	EndGlobalSection
	GlobalSection(NestedProjects) = preSolution
		{C149ADC6-8D56-4E2D-B045-8F1925138B80} = {9A0CCAB9-4303-13B4-2371-F1B97FF5B728}
		{6DC6E55C-9F01-4879-A5BE-608AD55D41B9} = {9A0CCAB9-4303-13B4-2371-F1B97FF5B728}
		{BFA74DDC-8EDF-426B-8723-7C05D282E36E} = {9A0CCAB9-4303-13B4-2371-F1B97FF5B728}
		{002140E6-7F8D-4477-B52C-9CDABAB7BD20} = {9A0CCAB9-4303-13B4-2371-F1B97FF5B728}
		{71C1707C-B354-4735-BF97-6D61F3EB948F} = {9A0CCAB9-4303-13B4-2371-F1B97FF5B728}
		{D9C576FD-2210-42DA-8902-87A040EF3882} = {9A0CCAB9-4303-13B4-2371-F1B97FF5B728}
		{C53DD419-B66D-4A22-9B4F-3743303DA5FE} = {9A0CCAB9-4303-13B4-2371-F1B97FF5B728}
		{331B23D7-1AA9-3EA9-47B2-7F783CC47C5B} = {9A0CCAB9-4303-13B4-2371-F1B97FF5B728}
		{BA0973CB-D683-46A9-9D8B-A15367A6B301} = {331B23D7-1AA9-3EA9-47B2-7F783CC47C5B}
		{A2E91DBE-AF25-455B-9556-1DCBD59A289E} = {9A0CCAB9-4303-13B4-2371-F1B97FF5B728}
		{73380FB4-0CC9-400C-B52A-FBC75CEBF4D6} = {9A0CCAB9-4303-13B4-2371-F1B97FF5B728}
		{F19B12F3-F967-4C73-BEB9-BC82DFF6BE7E} = {9A0CCAB9-4303-13B4-2371-F1B97FF5B728}
		{E33CE10D-4C66-4530-9B4E-2B74C444E1CE} = {9A0CCAB9-4303-13B4-2371-F1B97FF5B728}
		{0BB84019-3E8F-443D-960E-06568DEDFA46} = {9A0CCAB9-4303-13B4-2371-F1B97FF5B728}
		{65E0A9EA-BC6D-473D-98E6-FB2C7EEF2F25} = {9A0CCAB9-4303-13B4-2371-F1B97FF5B728}
		{70581109-A061-44AC-9396-AEF7269E3EDA} = {9A0CCAB9-4303-13B4-2371-F1B97FF5B728}
		{E2253544-34DB-4B16-ABFB-C9DDA4F3A005} = {9A0CCAB9-4303-13B4-2371-F1B97FF5B728}
		{20009DCA-30EF-4251-84AE-A6F555830589} = {9A0CCAB9-4303-13B4-2371-F1B97FF5B728}
		{470E50E5-229B-4E8F-B972-FF7D1473330E} = {9A0CCAB9-4303-13B4-2371-F1B97FF5B728}
		{70BAD785-94A9-4779-A312-F0B7E803329F} = {3EFB08DA-2EA9-FE77-18DF-C4D4293AFD9C}
		{E0BD41D7-1C1A-23C1-F271-2256325DC116} = {A288BEE0-695A-BEEA-455C-649571D89326}
		{7B7DEB61-E9AF-444E-B9AE-23E12C13E822} = {E0BD41D7-1C1A-23C1-F271-2256325DC116}
		{63834BC1-3E49-415C-8DF7-753484582A21} = {E0BD41D7-1C1A-23C1-F271-2256325DC116}
	EndGlobalSection
EndGlobal
